{
    "version": 3,
    "terraform_version": "0.11.13",
    "serial": 12,
    "lineage": "fac4b6a4-7869-033e-880e-2a8abbc41551",
    "modules": [
        {
            "path": [
                "root"
            ],
            "outputs": {
                "external_ip_address_app": {
                    "sensitive": false,
                    "type": "string",
                    "value": "84.201.149.121"
                },
                "external_ip_address_proxy": {
                    "sensitive": false,
                    "type": "string",
                    "value": "84.201.148.150"
                },
                "internal_ip_address_app": {
                    "sensitive": false,
                    "type": "string",
                    "value": "192.168.10.32"
                },
                "internal_ip_address_proxy": {
                    "sensitive": false,
                    "type": "string",
                    "value": "192.168.10.21"
                }
            },
            "resources": {
                "yandex_compute_instance.int-inst": {
                    "type": "yandex_compute_instance",
                    "depends_on": [
                        "yandex_vpc_subnet.local"
                    ],
                    "primary": {
                        "id": "ef3etobrkivi2mp4r664",
                        "attributes": {
                            "boot_disk.#": "1",
                            "boot_disk.0.auto_delete": "true",
                            "boot_disk.0.device_name": "ef3188odmp8v2jcsurba",
                            "boot_disk.0.disk_id": "ef3188odmp8v2jcsurba",
                            "boot_disk.0.initialize_params.#": "1",
                            "boot_disk.0.initialize_params.0.description": "",
                            "boot_disk.0.initialize_params.0.image_id": "fd87va5cc00gaq2f5qfb",
                            "boot_disk.0.initialize_params.0.name": "",
                            "boot_disk.0.initialize_params.0.size": "8",
                            "boot_disk.0.initialize_params.0.snapshot_id": "",
                            "boot_disk.0.initialize_params.0.type": "network-hdd",
                            "boot_disk.0.mode": "READ_WRITE",
                            "created_at": "2019-03-18T20:33:57Z",
                            "description": "",
                            "folder_id": "b1gpuobcl7e4a4evbc3l",
                            "fqdn": "ef3etobrkivi2mp4r664.auto.internal",
                            "id": "ef3etobrkivi2mp4r664",
                            "labels.%": "0",
                            "metadata.%": "1",
                            "metadata.ssh-keys": "ubuntu:ssh-rsa AAAAB3NzaC1yc2EAAAADAQABAAABAQDdt8x/kS1ZgsF8glBu4umIv0pnmR3rz83Ti1hQuA1Q4QYVIwa6MDzW/lutti6wgLGGZUZeuOHfV3QqqajoqlOrZjfkNQv8kxEd6H8vZxnBUzkthGf5cyCM6So0Nfcf7FqwgvpGhGevIx6ZbIceO5/Gwap5iHtwovErsz04AJv7of/f3EwOwgHothEKj3Wr4iGNqkYuAzqs4WJ1kAet2mRGzY++XOj36OhaQxZsaw8gR9zOETAfxZpbb6HK5MVA1VLJcANEvjWA/5fdCYmTx/v73v3T/ky3ji7H38rNFIGZ//Dsy+p1NhXR/gsvJrPy/y4QyM+rweOHGpgzoJr7NaC7 goto@mc\n",
                            "name": "app",
                            "network_interface.#": "1",
                            "network_interface.0.index": "0",
                            "network_interface.0.ip_address": "192.168.10.32",
                            "network_interface.0.ipv6": "false",
                            "network_interface.0.ipv6_address": "",
                            "network_interface.0.mac_address": "d0:0d:ee:e1:7b:a4",
                            "network_interface.0.nat": "true",
                            "network_interface.0.nat_ip_address": "84.201.149.121",
                            "network_interface.0.nat_ip_version": "IPV4",
                            "network_interface.0.subnet_id": "b0ckbi6jfoj6v2aqe1q6",
                            "platform_id": "standard-v1",
                            "resources.#": "1",
                            "resources.1334917880.core_fraction": "100",
                            "resources.1334917880.cores": "1",
                            "resources.1334917880.memory": "1",
                            "scheduling_policy.#": "1",
                            "scheduling_policy.0.preemptible": "false",
                            "secondary_disk.#": "0",
                            "status": "running",
                            "zone": "ru-central1-c"
                        },
                        "meta": {
                            "e2bfb730-ecaa-11e6-8f88-34363bc7c4c0": {
                                "create": 300000000000,
                                "delete": 300000000000,
                                "update": 300000000000
                            }
                        },
                        "tainted": false
                    },
                    "deposed": [],
                    "provider": "provider.yandex"
                },
                "yandex_compute_instance.pub-inst": {
                    "type": "yandex_compute_instance",
                    "depends_on": [
                        "yandex_vpc_subnet.local"
                    ],
                    "primary": {
                        "id": "ef3u244qrmi4d7fj8i6m",
                        "attributes": {
                            "boot_disk.#": "1",
                            "boot_disk.0.auto_delete": "true",
                            "boot_disk.0.device_name": "ef3t3scmd5d4ujne59bl",
                            "boot_disk.0.disk_id": "ef3t3scmd5d4ujne59bl",
                            "boot_disk.0.initialize_params.#": "1",
                            "boot_disk.0.initialize_params.0.description": "",
                            "boot_disk.0.initialize_params.0.image_id": "fd87va5cc00gaq2f5qfb",
                            "boot_disk.0.initialize_params.0.name": "",
                            "boot_disk.0.initialize_params.0.size": "8",
                            "boot_disk.0.initialize_params.0.snapshot_id": "",
                            "boot_disk.0.initialize_params.0.type": "network-hdd",
                            "boot_disk.0.mode": "READ_WRITE",
                            "created_at": "2019-03-18T20:33:57Z",
                            "description": "",
                            "folder_id": "b1gpuobcl7e4a4evbc3l",
                            "fqdn": "ef3u244qrmi4d7fj8i6m.auto.internal",
                            "id": "ef3u244qrmi4d7fj8i6m",
                            "labels.%": "0",
                            "metadata.%": "1",
                            "metadata.ssh-keys": "ubuntu:ssh-rsa AAAAB3NzaC1yc2EAAAADAQABAAABAQDdt8x/kS1ZgsF8glBu4umIv0pnmR3rz83Ti1hQuA1Q4QYVIwa6MDzW/lutti6wgLGGZUZeuOHfV3QqqajoqlOrZjfkNQv8kxEd6H8vZxnBUzkthGf5cyCM6So0Nfcf7FqwgvpGhGevIx6ZbIceO5/Gwap5iHtwovErsz04AJv7of/f3EwOwgHothEKj3Wr4iGNqkYuAzqs4WJ1kAet2mRGzY++XOj36OhaQxZsaw8gR9zOETAfxZpbb6HK5MVA1VLJcANEvjWA/5fdCYmTx/v73v3T/ky3ji7H38rNFIGZ//Dsy+p1NhXR/gsvJrPy/y4QyM+rweOHGpgzoJr7NaC7 goto@mc\n",
                            "name": "proxy",
                            "network_interface.#": "1",
                            "network_interface.0.index": "0",
                            "network_interface.0.ip_address": "192.168.10.21",
                            "network_interface.0.ipv6": "false",
                            "network_interface.0.ipv6_address": "",
                            "network_interface.0.mac_address": "d0:0d:1e:11:09:ad",
                            "network_interface.0.nat": "true",
                            "network_interface.0.nat_ip_address": "84.201.148.150",
                            "network_interface.0.nat_ip_version": "IPV4",
                            "network_interface.0.subnet_id": "b0ckbi6jfoj6v2aqe1q6",
                            "platform_id": "standard-v1",
                            "resources.#": "1",
                            "resources.1334917880.core_fraction": "100",
                            "resources.1334917880.cores": "1",
                            "resources.1334917880.memory": "1",
                            "scheduling_policy.#": "1",
                            "scheduling_policy.0.preemptible": "false",
                            "secondary_disk.#": "0",
                            "status": "running",
                            "zone": "ru-central1-c"
                        },
                        "meta": {
                            "e2bfb730-ecaa-11e6-8f88-34363bc7c4c0": {
                                "create": 300000000000,
                                "delete": 300000000000,
                                "update": 300000000000
                            }
                        },
                        "tainted": false
                    },
                    "deposed": [],
                    "provider": "provider.yandex"
                },
                "yandex_vpc_network.zo-cloud": {
                    "type": "yandex_vpc_network",
                    "depends_on": [],
                    "primary": {
                        "id": "enpk1ae0ar7b799fgjp9",
                        "attributes": {
                            "created_at": "2019-03-18T20:33:51Z",
                            "description": "",
                            "folder_id": "b1gpuobcl7e4a4evbc3l",
                            "id": "enpk1ae0ar7b799fgjp9",
                            "labels.%": "0",
                            "name": "zo-cloud",
                            "subnet_ids.#": "0"
                        },
                        "meta": {
                            "e2bfb730-ecaa-11e6-8f88-34363bc7c4c0": {
                                "create": 60000000000,
                                "delete": 60000000000,
                                "update": 60000000000
                            }
                        },
                        "tainted": false
                    },
                    "deposed": [],
                    "provider": "provider.yandex"
                },
                "yandex_vpc_subnet.local": {
                    "type": "yandex_vpc_subnet",
                    "depends_on": [
                        "yandex_vpc_network.zo-cloud"
                    ],
                    "primary": {
                        "id": "b0ckbi6jfoj6v2aqe1q6",
                        "attributes": {
                            "created_at": "2019-03-18T20:33:53Z",
                            "description": "",
                            "folder_id": "b1gpuobcl7e4a4evbc3l",
                            "id": "b0ckbi6jfoj6v2aqe1q6",
                            "labels.%": "0",
                            "name": "local",
                            "network_id": "enpk1ae0ar7b799fgjp9",
                            "v4_cidr_blocks.#": "1",
                            "v4_cidr_blocks.0": "192.168.10.0/24",
                            "v6_cidr_blocks.#": "0",
                            "zone": "ru-central1-c"
                        },
                        "meta": {
                            "e2bfb730-ecaa-11e6-8f88-34363bc7c4c0": {
                                "create": 60000000000,
                                "delete": 60000000000,
                                "update": 60000000000
                            }
                        },
                        "tainted": false
                    },
                    "deposed": [],
                    "provider": "provider.yandex"
                }
            },
            "depends_on": []
        }
    ]
}
